# THIS IS AN AUTOGENERATED FILE. DO NOT EDIT THIS FILE DIRECTLY.
# yarn lockfile v1


"@firebase/app@^0.8.3":
  version "0.8.3"
  resolved "https://registry.yarnpkg.com/@firebase/app/-/app-0.8.3.tgz#48c2461c4f26298c2155dd40ee648d2f1fbf80d2"
  integrity sha512-+YT+DX4m1VAZY6JE5gMt+Xz7O34Y01pqUqoaVO6nbzuohgdcQ57YBL3T26tYqg5JapuwU7CNkFTZOvRc3pYi6g==
  dependencies:
    "@firebase/component" "0.5.21"
    "@firebase/logger" "0.3.4"
    "@firebase/util" "1.7.3"
    idb "7.0.1"
    tslib "^2.1.0"

"@firebase/auth-interop-types@0.1.7":
  version "0.1.7"
  resolved "https://registry.yarnpkg.com/@firebase/auth-interop-types/-/auth-interop-types-0.1.7.tgz#82c8d431779916224d2af5cef6cec2042d830f28"
  integrity sha512-yA/dTveGGPcc85JP8ZE/KZqfGQyQTBCV10THdI8HTlP1GDvNrhr//J5jAt58MlsCOaO3XmC4DqScPBbtIsR/EA==

"@firebase/component@0.5.21":
  version "0.5.21"
  resolved "https://registry.yarnpkg.com/@firebase/component/-/component-0.5.21.tgz#bb10add24fe2ee59a61163a469d4711d8da4002d"
  integrity sha512-12MMQ/ulfygKpEJpseYMR0HunJdlsLrwx2XcEs40M18jocy2+spyzHHEwegN3x/2/BLFBjR5247Etmz0G97Qpg==
  dependencies:
    "@firebase/util" "1.7.3"
    tslib "^2.1.0"

"@firebase/database@^0.13.10":
  version "0.13.10"
  resolved "https://registry.yarnpkg.com/@firebase/database/-/database-0.13.10.tgz#c24e0219490b9c1fabfb7b42cb45850e145fe56d"
  integrity sha512-KRucuzZ7ZHQsRdGEmhxId5jyM2yKsjsQWF9yv0dIhlxYg0D8rCVDZc/waoPKA5oV3/SEIoptF8F7R1Vfe7BCQA==
  dependencies:
    "@firebase/auth-interop-types" "0.1.7"
    "@firebase/component" "0.5.21"
    "@firebase/logger" "0.3.4"
    "@firebase/util" "1.7.3"
    faye-websocket "0.11.4"
    tslib "^2.1.0"

"@firebase/logger@0.3.4":
  version "0.3.4"
  resolved "https://registry.yarnpkg.com/@firebase/logger/-/logger-0.3.4.tgz#8822dd3e9168be93c1bce0b4ac235e3b165a6a68"
  integrity sha512-hlFglGRgZEwoyClZcGLx/Wd+zoLfGmbDkFx56mQt/jJ0XMbfPqwId1kiPl0zgdWZX+D8iH+gT6GuLPFsJWgiGw==
  dependencies:
    tslib "^2.1.0"

"@firebase/util@1.7.3":
  version "1.7.3"
  resolved "https://registry.yarnpkg.com/@firebase/util/-/util-1.7.3.tgz#e71640b6b2970b754f947235ceb10cba3f70e62c"
  integrity sha512-wxNqWbqokF551WrJ9BIFouU/V5SL1oYCGx1oudcirdhadnQRFH5v1sjgGL7cUV/UsekSycygphdrF2lxBxOYKg==
  dependencies:
    tslib "^2.1.0"

dotenv@^16.0.3:
  version "16.0.3"
  resolved "https://registry.yarnpkg.com/dotenv/-/dotenv-16.0.3.tgz#115aec42bac5053db3c456db30cc243a5a836a07"
  integrity sha512-7GO6HghkA5fYG9TYnNxi14/7K9f5occMlp3zXAuSxn7CKCxt9xbNWG7yF8hTCSUchlfWSe3uLmlPfigevRItzQ==

faye-websocket@0.11.4:
  version "0.11.4"
  resolved "https://registry.yarnpkg.com/faye-websocket/-/faye-websocket-0.11.4.tgz#7f0d9275cfdd86a1c963dc8b65fcc451edcbb1da"
  integrity sha512-CzbClwlXAuiRQAlUyfqPgvPoNKTckTPGfwZV4ZdAhVcP2lh9KUxJg2b5GkE7XbjKQ3YJnQ9z6D9ntLAlB+tP8g==
  dependencies:
    websocket-driver ">=0.5.1"

http-parser-js@>=0.5.1:
  version "0.5.8"
  resolved "https://registry.yarnpkg.com/http-parser-js/-/http-parser-js-0.5.8.tgz#af23090d9ac4e24573de6f6aecc9d84a48bf20e3"
  integrity sha512-SGeBX54F94Wgu5RH3X5jsDtf4eHyRogWX1XGT3b4HuW3tQPM4AaBzoUji/4AAJNXCEOWZ5O0DgZmJw1947gD5Q==

idb@7.0.1:
  version "7.0.1"
  resolved "https://registry.yarnpkg.com/idb/-/idb-7.0.1.tgz#d2875b3a2f205d854ee307f6d196f246fea590a7"
  integrity sha512-UUxlE7vGWK5RfB/fDwEGgRf84DY/ieqNha6msMV99UsEMQhJ1RwbCd8AYBj3QMgnE3VZnfQvm4oKVCJTYlqIgg==

safe-buffer@>=5.1.0:
  version "5.2.1"
  resolved "https://registry.yarnpkg.com/safe-buffer/-/safe-buffer-5.2.1.tgz#1eaf9fa9bdb1fdd4ec75f58f9cdb4e6b7827eec6"
  integrity sha512-rp3So07KcdmmKbGvgaNxQSJr7bGVSVk5S9Eq1F+ppbRo70+YeaDxkw5Dd8NPN+GD6bjnYm2VuPuCXmpuYvmCXQ==

tslib@^2.1.0:
  version "2.4.1"
  resolved "https://registry.yarnpkg.com/tslib/-/tslib-2.4.1.tgz#0d0bfbaac2880b91e22df0768e55be9753a5b17e"
  integrity sha512-tGyy4dAjRIEwI7BzsB0lynWgOpfqjUdq91XXAlIWD2OwKBH7oCl/GZG/HT4BOHrTlPMOASlMQ7veyTqpmRcrNA==

websocket-driver@>=0.5.1:
  version "0.7.4"
  resolved "https://registry.yarnpkg.com/websocket-driver/-/websocket-driver-0.7.4.tgz#89ad5295bbf64b480abcba31e4953aca706f5760"
  integrity sha512-b17KeDIQVjvb0ssuSDF2cYXSg2iztliJ4B9WdsuB6J952qCPKmnVq4DyW5motImXHDC1cBT/1UezrJVsKw5zjg==
  dependencies:
    http-parser-js ">=0.5.1"
    safe-buffer ">=5.1.0"
    websocket-extensions ">=0.1.1"

websocket-extensions@>=0.1.1:
  version "0.1.4"
  resolved "https://registry.yarnpkg.com/websocket-extensions/-/websocket-extensions-0.1.4.tgz#7f8473bc839dfd87608adb95d7eb075211578a42"
  integrity sha512-OqedPIGOfsDlo31UNwYbCFMSaO9m9G/0faIHj5/dZFDMFqPTcx6UwqyOy3COEaEOg/9VsGIpdqn62W5KhoKSpg==
